// !$*UTF8*$!
{
	archiveVersion = 1;
	classes = {
	};
	objectVersion = 51;
	objects = {

/* Begin PBXBuildFile section */
		7077AFE1C177F5ACD50FD6AB /* Pods_GBShop.framework in Frameworks */ = {isa = PBXBuildFile; fileRef = E99394CD93E807729AAD9D07 /* Pods_GBShop.framework */; };
		A2E4E9C4830E4C076D97AB56 /* Pods_GBShopTests.framework in Frameworks */ = {isa = PBXBuildFile; fileRef = 7B742355DA8D45ED981263FE /* Pods_GBShopTests.framework */; };
		D4A4D17399A25AF91FC367CD /* Pods_GBShop_GBShopUITests.framework in Frameworks */ = {isa = PBXBuildFile; fileRef = EFDF4467461C24F986C88F9A /* Pods_GBShop_GBShopUITests.framework */; };
		E1234CAD26E4C4E500AE8FE5 /* Review.swift in Sources */ = {isa = PBXBuildFile; fileRef = E1234CAC26E4C4E500AE8FE5 /* Review.swift */; };
		E1234CAF26E4C58900AE8FE5 /* ReviewResult.swift in Sources */ = {isa = PBXBuildFile; fileRef = E1234CAE26E4C58900AE8FE5 /* ReviewResult.swift */; };
		E1234CB226E4C7B900AE8FE5 /* ReviewsRequestFactory.swift in Sources */ = {isa = PBXBuildFile; fileRef = E1234CB126E4C7B900AE8FE5 /* ReviewsRequestFactory.swift */; };
		E1234CB426E4CAF400AE8FE5 /* Reviews.swift in Sources */ = {isa = PBXBuildFile; fileRef = E1234CB326E4CAF400AE8FE5 /* Reviews.swift */; };
<<<<<<< HEAD
		E1234F4126F71CF80099AE95 /* ReviewsTest.swift in Sources */ = {isa = PBXBuildFile; fileRef = E1234F4026F71CF80099AE95 /* ReviewsTest.swift */; };
		E1234F4426F87CD40099AE95 /* BasketTests.swift in Sources */ = {isa = PBXBuildFile; fileRef = E1234F4326F87CD40099AE95 /* BasketTests.swift */; };
		E144E89726F0AF890095CB9C /* BasketResult.swift in Sources */ = {isa = PBXBuildFile; fileRef = E144E89626F0AF890095CB9C /* BasketResult.swift */; };
		E144E89D26F0B0AF0095CB9C /* BasketRequestFactory.swift in Sources */ = {isa = PBXBuildFile; fileRef = E144E89C26F0B0AF0095CB9C /* BasketRequestFactory.swift */; };
		E144E8A326F0B4C20095CB9C /* Basket.swift in Sources */ = {isa = PBXBuildFile; fileRef = E144E8A226F0B4C20095CB9C /* Basket.swift */; };
=======
>>>>>>> refs/remotes/origin/develop
		E14BBBFB26B95BE500AD6A0B /* AppDelegate.swift in Sources */ = {isa = PBXBuildFile; fileRef = E14BBBFA26B95BE500AD6A0B /* AppDelegate.swift */; };
		E14BBBFD26B95BE500AD6A0B /* SceneDelegate.swift in Sources */ = {isa = PBXBuildFile; fileRef = E14BBBFC26B95BE500AD6A0B /* SceneDelegate.swift */; };
		E14BBBFF26B95BE500AD6A0B /* ViewController.swift in Sources */ = {isa = PBXBuildFile; fileRef = E14BBBFE26B95BE500AD6A0B /* ViewController.swift */; };
		E14BBC0226B95BE500AD6A0B /* Main.storyboard in Resources */ = {isa = PBXBuildFile; fileRef = E14BBC0026B95BE500AD6A0B /* Main.storyboard */; };
		E14BBC0426B95BE600AD6A0B /* Assets.xcassets in Resources */ = {isa = PBXBuildFile; fileRef = E14BBC0326B95BE600AD6A0B /* Assets.xcassets */; };
		E14BBC0726B95BE600AD6A0B /* LaunchScreen.storyboard in Resources */ = {isa = PBXBuildFile; fileRef = E14BBC0526B95BE600AD6A0B /* LaunchScreen.storyboard */; };
		E14BBC1226B95BE600AD6A0B /* GBShopTests.swift in Sources */ = {isa = PBXBuildFile; fileRef = E14BBC1126B95BE600AD6A0B /* GBShopTests.swift */; };
		E14BBC1D26B95BE600AD6A0B /* GBShopUITests.swift in Sources */ = {isa = PBXBuildFile; fileRef = E14BBC1C26B95BE600AD6A0B /* GBShopUITests.swift */; };
		E14C551C26FF09A600D9A1CF /* AppService.swift in Sources */ = {isa = PBXBuildFile; fileRef = E14C551B26FF09A600D9A1CF /* AppService.swift */; };
		E14C551F26FF0C6C00D9A1CF /* TabBarBuilder.swift in Sources */ = {isa = PBXBuildFile; fileRef = E14C551E26FF0C6C00D9A1CF /* TabBarBuilder.swift */; };
		E14C552126FF1ACE00D9A1CF /* RegistrationViewController.swift in Sources */ = {isa = PBXBuildFile; fileRef = E14C552026FF1ACE00D9A1CF /* RegistrationViewController.swift */; };
		E14C552326FF54F600D9A1CF /* ProfileViewController.swift in Sources */ = {isa = PBXBuildFile; fileRef = E14C552226FF54F600D9A1CF /* ProfileViewController.swift */; };
		E17725D026FDFC6B0087A25A /* LoginViewController.swift in Sources */ = {isa = PBXBuildFile; fileRef = E17725CF26FDFC6B0087A25A /* LoginViewController.swift */; };
		E17725D226FE08020087A25A /* ErrorViewController.swift in Sources */ = {isa = PBXBuildFile; fileRef = E17725D126FE08020087A25A /* ErrorViewController.swift */; };
		E17725D526FE0BE10087A25A /* AppSession.swift in Sources */ = {isa = PBXBuildFile; fileRef = E17725D426FE0BE10087A25A /* AppSession.swift */; };
		E17725D726FE0EA40087A25A /* BaseViewController.swift in Sources */ = {isa = PBXBuildFile; fileRef = E17725D626FE0EA40087A25A /* BaseViewController.swift */; };
		E18C4B7026C7BF9200DC9ACC /* AbstractErrorParser.swift in Sources */ = {isa = PBXBuildFile; fileRef = E18C4B6F26C7BF9200DC9ACC /* AbstractErrorParser.swift */; };
		E18C4B7226C7C04F00DC9ACC /* ErrorParser.swift in Sources */ = {isa = PBXBuildFile; fileRef = E18C4B7126C7C04F00DC9ACC /* ErrorParser.swift */; };
		E18C4B7426C7C23200DC9ACC /* ResponseCodable.swift in Sources */ = {isa = PBXBuildFile; fileRef = E18C4B7326C7C23200DC9ACC /* ResponseCodable.swift */; };
		E18C4B7626C7C58500DC9ACC /* AbstractRequestFactory.swift in Sources */ = {isa = PBXBuildFile; fileRef = E18C4B7526C7C58500DC9ACC /* AbstractRequestFactory.swift */; };
		E18C4B7826C7C9C600DC9ACC /* RequestRouter.swift in Sources */ = {isa = PBXBuildFile; fileRef = E18C4B7726C7C9C600DC9ACC /* RequestRouter.swift */; };
		E18C4B7A26C7CC6A00DC9ACC /* AuthResult.swift in Sources */ = {isa = PBXBuildFile; fileRef = E18C4B7926C7CC6A00DC9ACC /* AuthResult.swift */; };
		E18C4B7C26C7CCBA00DC9ACC /* User.swift in Sources */ = {isa = PBXBuildFile; fileRef = E18C4B7B26C7CCBA00DC9ACC /* User.swift */; };
		E18C4B7F26C7CE0E00DC9ACC /* AuthRequestFactory.swift in Sources */ = {isa = PBXBuildFile; fileRef = E18C4B7E26C7CE0E00DC9ACC /* AuthRequestFactory.swift */; };
		E18C4B8126C7CEBB00DC9ACC /* Auth.swift in Sources */ = {isa = PBXBuildFile; fileRef = E18C4B8026C7CEBB00DC9ACC /* Auth.swift */; };
		E18C4B8326C7D2C300DC9ACC /* RequestFactory.swift in Sources */ = {isa = PBXBuildFile; fileRef = E18C4B8226C7D2C300DC9ACC /* RequestFactory.swift */; };
		E1B77D9226D24450003E0A8C /* GoodsByIdResult.swift in Sources */ = {isa = PBXBuildFile; fileRef = E1B77D9126D24450003E0A8C /* GoodsByIdResult.swift */; };
		E1B77D9426D2455C003E0A8C /* GoodsByIdRequestFactory.swift in Sources */ = {isa = PBXBuildFile; fileRef = E1B77D9326D2455C003E0A8C /* GoodsByIdRequestFactory.swift */; };
		E1B77D9626D245F8003E0A8C /* GoodsById.swift in Sources */ = {isa = PBXBuildFile; fileRef = E1B77D9526D245F8003E0A8C /* GoodsById.swift */; };
		E1B77D9826D26345003E0A8C /* AuthTest.swift in Sources */ = {isa = PBXBuildFile; fileRef = E1B77D9726D26345003E0A8C /* AuthTest.swift */; };
		E1B77D9B26D26D7D003E0A8C /* CatalogDataTest.swift in Sources */ = {isa = PBXBuildFile; fileRef = E1B77D9A26D26D7D003E0A8C /* CatalogDataTest.swift */; };
		E1B77D9E26D26FA4003E0A8C /* GoodsByIdTest.swift in Sources */ = {isa = PBXBuildFile; fileRef = E1B77D9D26D26FA4003E0A8C /* GoodsByIdTest.swift */; };
		E1E9E4C926CBE33900C598E7 /* ResponseCodableTest.swift in Sources */ = {isa = PBXBuildFile; fileRef = E1E9E4C826CBE33900C598E7 /* ResponseCodableTest.swift */; };
		E1E9E4CC26CBF07900C598E7 /* CatalogDataResult.swift in Sources */ = {isa = PBXBuildFile; fileRef = E1E9E4CB26CBF07900C598E7 /* CatalogDataResult.swift */; };
		E1E9E4D426CBF48200C598E7 /* CatalogDataRequestFactory.swift in Sources */ = {isa = PBXBuildFile; fileRef = E1E9E4D326CBF48200C598E7 /* CatalogDataRequestFactory.swift */; };
		E1E9E4D626CBF59D00C598E7 /* CatalogData.swift in Sources */ = {isa = PBXBuildFile; fileRef = E1E9E4D526CBF59D00C598E7 /* CatalogData.swift */; };
/* End PBXBuildFile section */

/* Begin PBXContainerItemProxy section */
		E14BBC0E26B95BE600AD6A0B /* PBXContainerItemProxy */ = {
			isa = PBXContainerItemProxy;
			containerPortal = E14BBBEF26B95BE500AD6A0B /* Project object */;
			proxyType = 1;
			remoteGlobalIDString = E14BBBF626B95BE500AD6A0B;
			remoteInfo = GBShop;
		};
		E14BBC1926B95BE600AD6A0B /* PBXContainerItemProxy */ = {
			isa = PBXContainerItemProxy;
			containerPortal = E14BBBEF26B95BE500AD6A0B /* Project object */;
			proxyType = 1;
			remoteGlobalIDString = E14BBBF626B95BE500AD6A0B;
			remoteInfo = GBShop;
		};
/* End PBXContainerItemProxy section */

/* Begin PBXFileReference section */
		1934AD31CD371BEBC6E115C9 /* Pods-GBShop.release.xcconfig */ = {isa = PBXFileReference; includeInIndex = 1; lastKnownFileType = text.xcconfig; name = "Pods-GBShop.release.xcconfig"; path = "Target Support Files/Pods-GBShop/Pods-GBShop.release.xcconfig"; sourceTree = "<group>"; };
		7B742355DA8D45ED981263FE /* Pods_GBShopTests.framework */ = {isa = PBXFileReference; explicitFileType = wrapper.framework; includeInIndex = 0; path = Pods_GBShopTests.framework; sourceTree = BUILT_PRODUCTS_DIR; };
		80112BE7E56564E8C030CBCD /* Pods-GBShopTests.debug.xcconfig */ = {isa = PBXFileReference; includeInIndex = 1; lastKnownFileType = text.xcconfig; name = "Pods-GBShopTests.debug.xcconfig"; path = "Target Support Files/Pods-GBShopTests/Pods-GBShopTests.debug.xcconfig"; sourceTree = "<group>"; };
		9ECF49F6ACD44C0C419DB7A2 /* Pods-GBShopTests.release.xcconfig */ = {isa = PBXFileReference; includeInIndex = 1; lastKnownFileType = text.xcconfig; name = "Pods-GBShopTests.release.xcconfig"; path = "Target Support Files/Pods-GBShopTests/Pods-GBShopTests.release.xcconfig"; sourceTree = "<group>"; };
		B965B52BACE6C0F838989416 /* Pods-GBShop.debug.xcconfig */ = {isa = PBXFileReference; includeInIndex = 1; lastKnownFileType = text.xcconfig; name = "Pods-GBShop.debug.xcconfig"; path = "Target Support Files/Pods-GBShop/Pods-GBShop.debug.xcconfig"; sourceTree = "<group>"; };
		DA4ACE744DB5A693529A9D2C /* Pods-GBShop-GBShopUITests.debug.xcconfig */ = {isa = PBXFileReference; includeInIndex = 1; lastKnownFileType = text.xcconfig; name = "Pods-GBShop-GBShopUITests.debug.xcconfig"; path = "Target Support Files/Pods-GBShop-GBShopUITests/Pods-GBShop-GBShopUITests.debug.xcconfig"; sourceTree = "<group>"; };
		E1234CAC26E4C4E500AE8FE5 /* Review.swift */ = {isa = PBXFileReference; lastKnownFileType = sourcecode.swift; path = Review.swift; sourceTree = "<group>"; };
		E1234CAE26E4C58900AE8FE5 /* ReviewResult.swift */ = {isa = PBXFileReference; lastKnownFileType = sourcecode.swift; path = ReviewResult.swift; sourceTree = "<group>"; };
		E1234CB126E4C7B900AE8FE5 /* ReviewsRequestFactory.swift */ = {isa = PBXFileReference; lastKnownFileType = sourcecode.swift; path = ReviewsRequestFactory.swift; sourceTree = "<group>"; };
		E1234CB326E4CAF400AE8FE5 /* Reviews.swift */ = {isa = PBXFileReference; lastKnownFileType = sourcecode.swift; path = Reviews.swift; sourceTree = "<group>"; };
<<<<<<< HEAD
		E1234F4026F71CF80099AE95 /* ReviewsTest.swift */ = {isa = PBXFileReference; lastKnownFileType = sourcecode.swift; path = ReviewsTest.swift; sourceTree = "<group>"; };
		E1234F4326F87CD40099AE95 /* BasketTests.swift */ = {isa = PBXFileReference; lastKnownFileType = sourcecode.swift; path = BasketTests.swift; sourceTree = "<group>"; };
		E144E89626F0AF890095CB9C /* BasketResult.swift */ = {isa = PBXFileReference; lastKnownFileType = sourcecode.swift; path = BasketResult.swift; sourceTree = "<group>"; };
		E144E89C26F0B0AF0095CB9C /* BasketRequestFactory.swift */ = {isa = PBXFileReference; lastKnownFileType = sourcecode.swift; path = BasketRequestFactory.swift; sourceTree = "<group>"; };
		E144E8A226F0B4C20095CB9C /* Basket.swift */ = {isa = PBXFileReference; lastKnownFileType = sourcecode.swift; path = Basket.swift; sourceTree = "<group>"; };
=======
>>>>>>> refs/remotes/origin/develop
		E14BBBF726B95BE500AD6A0B /* GBShop.app */ = {isa = PBXFileReference; explicitFileType = wrapper.application; includeInIndex = 0; path = GBShop.app; sourceTree = BUILT_PRODUCTS_DIR; };
		E14BBBFA26B95BE500AD6A0B /* AppDelegate.swift */ = {isa = PBXFileReference; lastKnownFileType = sourcecode.swift; path = AppDelegate.swift; sourceTree = "<group>"; };
		E14BBBFC26B95BE500AD6A0B /* SceneDelegate.swift */ = {isa = PBXFileReference; lastKnownFileType = sourcecode.swift; path = SceneDelegate.swift; sourceTree = "<group>"; };
		E14BBBFE26B95BE500AD6A0B /* ViewController.swift */ = {isa = PBXFileReference; lastKnownFileType = sourcecode.swift; path = ViewController.swift; sourceTree = "<group>"; };
		E14BBC0126B95BE500AD6A0B /* Base */ = {isa = PBXFileReference; lastKnownFileType = file.storyboard; name = Base; path = Base.lproj/Main.storyboard; sourceTree = "<group>"; };
		E14BBC0326B95BE600AD6A0B /* Assets.xcassets */ = {isa = PBXFileReference; lastKnownFileType = folder.assetcatalog; path = Assets.xcassets; sourceTree = "<group>"; };
		E14BBC0626B95BE600AD6A0B /* Base */ = {isa = PBXFileReference; lastKnownFileType = file.storyboard; name = Base; path = Base.lproj/LaunchScreen.storyboard; sourceTree = "<group>"; };
		E14BBC0826B95BE600AD6A0B /* Info.plist */ = {isa = PBXFileReference; lastKnownFileType = text.plist.xml; path = Info.plist; sourceTree = "<group>"; };
		E14BBC0D26B95BE600AD6A0B /* GBShopTests.xctest */ = {isa = PBXFileReference; explicitFileType = wrapper.cfbundle; includeInIndex = 0; path = GBShopTests.xctest; sourceTree = BUILT_PRODUCTS_DIR; };
		E14BBC1126B95BE600AD6A0B /* GBShopTests.swift */ = {isa = PBXFileReference; lastKnownFileType = sourcecode.swift; path = GBShopTests.swift; sourceTree = "<group>"; };
		E14BBC1326B95BE600AD6A0B /* Info.plist */ = {isa = PBXFileReference; lastKnownFileType = text.plist.xml; path = Info.plist; sourceTree = "<group>"; };
		E14BBC1826B95BE600AD6A0B /* GBShopUITests.xctest */ = {isa = PBXFileReference; explicitFileType = wrapper.cfbundle; includeInIndex = 0; path = GBShopUITests.xctest; sourceTree = BUILT_PRODUCTS_DIR; };
		E14BBC1C26B95BE600AD6A0B /* GBShopUITests.swift */ = {isa = PBXFileReference; lastKnownFileType = sourcecode.swift; path = GBShopUITests.swift; sourceTree = "<group>"; };
		E14BBC1E26B95BE600AD6A0B /* Info.plist */ = {isa = PBXFileReference; lastKnownFileType = text.plist.xml; path = Info.plist; sourceTree = "<group>"; };
		E14C551B26FF09A600D9A1CF /* AppService.swift */ = {isa = PBXFileReference; lastKnownFileType = sourcecode.swift; path = AppService.swift; sourceTree = "<group>"; };
		E14C551E26FF0C6C00D9A1CF /* TabBarBuilder.swift */ = {isa = PBXFileReference; lastKnownFileType = sourcecode.swift; path = TabBarBuilder.swift; sourceTree = "<group>"; };
		E14C552026FF1ACE00D9A1CF /* RegistrationViewController.swift */ = {isa = PBXFileReference; lastKnownFileType = sourcecode.swift; path = RegistrationViewController.swift; sourceTree = "<group>"; };
		E14C552226FF54F600D9A1CF /* ProfileViewController.swift */ = {isa = PBXFileReference; lastKnownFileType = sourcecode.swift; path = ProfileViewController.swift; sourceTree = "<group>"; };
		E17725CF26FDFC6B0087A25A /* LoginViewController.swift */ = {isa = PBXFileReference; lastKnownFileType = sourcecode.swift; path = LoginViewController.swift; sourceTree = "<group>"; };
		E17725D126FE08020087A25A /* ErrorViewController.swift */ = {isa = PBXFileReference; lastKnownFileType = sourcecode.swift; path = ErrorViewController.swift; sourceTree = "<group>"; };
		E17725D426FE0BE10087A25A /* AppSession.swift */ = {isa = PBXFileReference; lastKnownFileType = sourcecode.swift; path = AppSession.swift; sourceTree = "<group>"; };
		E17725D626FE0EA40087A25A /* BaseViewController.swift */ = {isa = PBXFileReference; lastKnownFileType = sourcecode.swift; path = BaseViewController.swift; sourceTree = "<group>"; };
		E18C4B6F26C7BF9200DC9ACC /* AbstractErrorParser.swift */ = {isa = PBXFileReference; lastKnownFileType = sourcecode.swift; path = AbstractErrorParser.swift; sourceTree = "<group>"; };
		E18C4B7126C7C04F00DC9ACC /* ErrorParser.swift */ = {isa = PBXFileReference; lastKnownFileType = sourcecode.swift; path = ErrorParser.swift; sourceTree = "<group>"; };
		E18C4B7326C7C23200DC9ACC /* ResponseCodable.swift */ = {isa = PBXFileReference; lastKnownFileType = sourcecode.swift; path = ResponseCodable.swift; sourceTree = "<group>"; };
		E18C4B7526C7C58500DC9ACC /* AbstractRequestFactory.swift */ = {isa = PBXFileReference; lastKnownFileType = sourcecode.swift; path = AbstractRequestFactory.swift; sourceTree = "<group>"; };
		E18C4B7726C7C9C600DC9ACC /* RequestRouter.swift */ = {isa = PBXFileReference; lastKnownFileType = sourcecode.swift; path = RequestRouter.swift; sourceTree = "<group>"; };
		E18C4B7926C7CC6A00DC9ACC /* AuthResult.swift */ = {isa = PBXFileReference; lastKnownFileType = sourcecode.swift; path = AuthResult.swift; sourceTree = "<group>"; };
		E18C4B7B26C7CCBA00DC9ACC /* User.swift */ = {isa = PBXFileReference; lastKnownFileType = sourcecode.swift; path = User.swift; sourceTree = "<group>"; };
		E18C4B7E26C7CE0E00DC9ACC /* AuthRequestFactory.swift */ = {isa = PBXFileReference; lastKnownFileType = sourcecode.swift; path = AuthRequestFactory.swift; sourceTree = "<group>"; };
		E18C4B8026C7CEBB00DC9ACC /* Auth.swift */ = {isa = PBXFileReference; lastKnownFileType = sourcecode.swift; path = Auth.swift; sourceTree = "<group>"; };
		E18C4B8226C7D2C300DC9ACC /* RequestFactory.swift */ = {isa = PBXFileReference; lastKnownFileType = sourcecode.swift; path = RequestFactory.swift; sourceTree = "<group>"; };
		E1B77D9126D24450003E0A8C /* GoodsByIdResult.swift */ = {isa = PBXFileReference; lastKnownFileType = sourcecode.swift; path = GoodsByIdResult.swift; sourceTree = "<group>"; };
		E1B77D9326D2455C003E0A8C /* GoodsByIdRequestFactory.swift */ = {isa = PBXFileReference; lastKnownFileType = sourcecode.swift; path = GoodsByIdRequestFactory.swift; sourceTree = "<group>"; };
		E1B77D9526D245F8003E0A8C /* GoodsById.swift */ = {isa = PBXFileReference; lastKnownFileType = sourcecode.swift; path = GoodsById.swift; sourceTree = "<group>"; };
		E1B77D9726D26345003E0A8C /* AuthTest.swift */ = {isa = PBXFileReference; lastKnownFileType = sourcecode.swift; path = AuthTest.swift; sourceTree = "<group>"; };
		E1B77D9A26D26D7D003E0A8C /* CatalogDataTest.swift */ = {isa = PBXFileReference; lastKnownFileType = sourcecode.swift; path = CatalogDataTest.swift; sourceTree = "<group>"; };
		E1B77D9D26D26FA4003E0A8C /* GoodsByIdTest.swift */ = {isa = PBXFileReference; lastKnownFileType = sourcecode.swift; path = GoodsByIdTest.swift; sourceTree = "<group>"; };
		E1E9E4C826CBE33900C598E7 /* ResponseCodableTest.swift */ = {isa = PBXFileReference; lastKnownFileType = sourcecode.swift; path = ResponseCodableTest.swift; sourceTree = "<group>"; };
		E1E9E4CB26CBF07900C598E7 /* CatalogDataResult.swift */ = {isa = PBXFileReference; lastKnownFileType = sourcecode.swift; path = CatalogDataResult.swift; sourceTree = "<group>"; };
		E1E9E4D326CBF48200C598E7 /* CatalogDataRequestFactory.swift */ = {isa = PBXFileReference; lastKnownFileType = sourcecode.swift; path = CatalogDataRequestFactory.swift; sourceTree = "<group>"; };
		E1E9E4D526CBF59D00C598E7 /* CatalogData.swift */ = {isa = PBXFileReference; lastKnownFileType = sourcecode.swift; path = CatalogData.swift; sourceTree = "<group>"; };
		E99394CD93E807729AAD9D07 /* Pods_GBShop.framework */ = {isa = PBXFileReference; explicitFileType = wrapper.framework; includeInIndex = 0; path = Pods_GBShop.framework; sourceTree = BUILT_PRODUCTS_DIR; };
		EFDF4467461C24F986C88F9A /* Pods_GBShop_GBShopUITests.framework */ = {isa = PBXFileReference; explicitFileType = wrapper.framework; includeInIndex = 0; path = Pods_GBShop_GBShopUITests.framework; sourceTree = BUILT_PRODUCTS_DIR; };
		FCC5FC1928D5A745C2B167C1 /* Pods-GBShop-GBShopUITests.release.xcconfig */ = {isa = PBXFileReference; includeInIndex = 1; lastKnownFileType = text.xcconfig; name = "Pods-GBShop-GBShopUITests.release.xcconfig"; path = "Target Support Files/Pods-GBShop-GBShopUITests/Pods-GBShop-GBShopUITests.release.xcconfig"; sourceTree = "<group>"; };
/* End PBXFileReference section */

/* Begin PBXFrameworksBuildPhase section */
		E14BBBF426B95BE500AD6A0B /* Frameworks */ = {
			isa = PBXFrameworksBuildPhase;
			buildActionMask = 2147483647;
			files = (
				7077AFE1C177F5ACD50FD6AB /* Pods_GBShop.framework in Frameworks */,
			);
			runOnlyForDeploymentPostprocessing = 0;
		};
		E14BBC0A26B95BE600AD6A0B /* Frameworks */ = {
			isa = PBXFrameworksBuildPhase;
			buildActionMask = 2147483647;
			files = (
				A2E4E9C4830E4C076D97AB56 /* Pods_GBShopTests.framework in Frameworks */,
			);
			runOnlyForDeploymentPostprocessing = 0;
		};
		E14BBC1526B95BE600AD6A0B /* Frameworks */ = {
			isa = PBXFrameworksBuildPhase;
			buildActionMask = 2147483647;
			files = (
				D4A4D17399A25AF91FC367CD /* Pods_GBShop_GBShopUITests.framework in Frameworks */,
			);
			runOnlyForDeploymentPostprocessing = 0;
		};
/* End PBXFrameworksBuildPhase section */

/* Begin PBXGroup section */
		007062B2BD791BD59C2B8D11 /* Pods */ = {
			isa = PBXGroup;
			children = (
				B965B52BACE6C0F838989416 /* Pods-GBShop.debug.xcconfig */,
				1934AD31CD371BEBC6E115C9 /* Pods-GBShop.release.xcconfig */,
				DA4ACE744DB5A693529A9D2C /* Pods-GBShop-GBShopUITests.debug.xcconfig */,
				FCC5FC1928D5A745C2B167C1 /* Pods-GBShop-GBShopUITests.release.xcconfig */,
				80112BE7E56564E8C030CBCD /* Pods-GBShopTests.debug.xcconfig */,
				9ECF49F6ACD44C0C419DB7A2 /* Pods-GBShopTests.release.xcconfig */,
			);
			path = Pods;
			sourceTree = "<group>";
		};
		02BFD2D32B790A3AE4B4290C /* Frameworks */ = {
			isa = PBXGroup;
			children = (
				E99394CD93E807729AAD9D07 /* Pods_GBShop.framework */,
				EFDF4467461C24F986C88F9A /* Pods_GBShop_GBShopUITests.framework */,
				7B742355DA8D45ED981263FE /* Pods_GBShopTests.framework */,
			);
			name = Frameworks;
			sourceTree = "<group>";
		};
		E1234CAB26E4C48100AE8FE5 /* Reviews */ = {
			isa = PBXGroup;
			children = (
				E1234CAC26E4C4E500AE8FE5 /* Review.swift */,
				E1234CAE26E4C58900AE8FE5 /* ReviewResult.swift */,
			);
			path = Reviews;
			sourceTree = "<group>";
		};
		E1234CB026E4C6FA00AE8FE5 /* Reviews */ = {
			isa = PBXGroup;
			children = (
				E1234CB126E4C7B900AE8FE5 /* ReviewsRequestFactory.swift */,
				E1234CB326E4CAF400AE8FE5 /* Reviews.swift */,
			);
			path = Reviews;
			sourceTree = "<group>";
		};
<<<<<<< HEAD
		E1234F3F26F71B970099AE95 /* ReviwesTests */ = {
			isa = PBXGroup;
			children = (
				E1234F4026F71CF80099AE95 /* ReviewsTest.swift */,
			);
			path = ReviwesTests;
			sourceTree = "<group>";
		};
		E1234F4226F87CB40099AE95 /* BasketTest */ = {
			isa = PBXGroup;
			children = (
				E1234F4326F87CD40099AE95 /* BasketTests.swift */,
			);
			path = BasketTest;
			sourceTree = "<group>";
		};
		E144E89426F0AF2C0095CB9C /* Basket */ = {
			isa = PBXGroup;
			children = (
				E144E89C26F0B0AF0095CB9C /* BasketRequestFactory.swift */,
				E144E8A226F0B4C20095CB9C /* Basket.swift */,
			);
			path = Basket;
			sourceTree = "<group>";
		};
		E144E89526F0AF400095CB9C /* Basket */ = {
			isa = PBXGroup;
			children = (
				E144E89626F0AF890095CB9C /* BasketResult.swift */,
			);
			path = Basket;
			sourceTree = "<group>";
		};
=======
>>>>>>> refs/remotes/origin/develop
		E14BBBEE26B95BE500AD6A0B = {
			isa = PBXGroup;
			children = (
				E14BBBF926B95BE500AD6A0B /* GBShop */,
				E14BBC1026B95BE600AD6A0B /* GBShopTests */,
				E14BBC1B26B95BE600AD6A0B /* GBShopUITests */,
				E14BBBF826B95BE500AD6A0B /* Products */,
				007062B2BD791BD59C2B8D11 /* Pods */,
				02BFD2D32B790A3AE4B4290C /* Frameworks */,
			);
			sourceTree = "<group>";
		};
		E14BBBF826B95BE500AD6A0B /* Products */ = {
			isa = PBXGroup;
			children = (
				E14BBBF726B95BE500AD6A0B /* GBShop.app */,
				E14BBC0D26B95BE600AD6A0B /* GBShopTests.xctest */,
				E14BBC1826B95BE600AD6A0B /* GBShopUITests.xctest */,
			);
			name = Products;
			sourceTree = "<group>";
		};
		E14BBBF926B95BE500AD6A0B /* GBShop */ = {
			isa = PBXGroup;
			children = (
				E18C4B6726C7BE2400DC9ACC /* App */,
				E18C4B6526C7BE1F00DC9ACC /* Core */,
				E18C4B6426C7BE1800DC9ACC /* Resources */,
				E18C4B6C26C7BED000DC9ACC /* Environments */,
			);
			path = GBShop;
			sourceTree = "<group>";
		};
		E14BBC1026B95BE600AD6A0B /* GBShopTests */ = {
			isa = PBXGroup;
			children = (
				E1E9E4CA26CBEFF100C598E7 /* AuthTest */,
				E1B77D9926D26BDC003E0A8C /* CatalogDataTest */,
				E1B77D9C26D26F6C003E0A8C /* GoodsById */,
				E1234F3F26F71B970099AE95 /* ReviwesTests */,
				E1234F4226F87CB40099AE95 /* BasketTest */,
				E1E9E4C726CBE2B300C598E7 /* CoreNetworkTest */,
				E14BBC1126B95BE600AD6A0B /* GBShopTests.swift */,
				E14BBC1326B95BE600AD6A0B /* Info.plist */,
			);
			path = GBShopTests;
			sourceTree = "<group>";
		};
		E14BBC1B26B95BE600AD6A0B /* GBShopUITests */ = {
			isa = PBXGroup;
			children = (
				E14BBC1C26B95BE600AD6A0B /* GBShopUITests.swift */,
				E14BBC1E26B95BE600AD6A0B /* Info.plist */,
			);
			path = GBShopUITests;
			sourceTree = "<group>";
		};
		E14C551D26FF0C2900D9A1CF /* BaseView */ = {
			isa = PBXGroup;
			children = (
				E17725D126FE08020087A25A /* ErrorViewController.swift */,
				E17725D626FE0EA40087A25A /* BaseViewController.swift */,
				E14C551E26FF0C6C00D9A1CF /* TabBarBuilder.swift */,
			);
			path = BaseView;
			sourceTree = "<group>";
		};
		E16E451D26CD2B81008D0D24 /* GoodsById */ = {
			isa = PBXGroup;
			children = (
				E1B77D9326D2455C003E0A8C /* GoodsByIdRequestFactory.swift */,
				E1B77D9526D245F8003E0A8C /* GoodsById.swift */,
			);
			path = GoodsById;
			sourceTree = "<group>";
		};
		E17725CE26FDFBEB0087A25A /* AuthView */ = {
			isa = PBXGroup;
			children = (
				E17725CF26FDFC6B0087A25A /* LoginViewController.swift */,
				E14C552026FF1ACE00D9A1CF /* RegistrationViewController.swift */,
				E14C552226FF54F600D9A1CF /* ProfileViewController.swift */,
			);
			path = AuthView;
			sourceTree = "<group>";
		};
		E17725D326FE0BB40087A25A /* Service */ = {
			isa = PBXGroup;
			children = (
				E17725D426FE0BE10087A25A /* AppSession.swift */,
				E14C551B26FF09A600D9A1CF /* AppService.swift */,
			);
			path = Service;
			sourceTree = "<group>";
		};
		E18C4B6426C7BE1800DC9ACC /* Resources */ = {
			isa = PBXGroup;
			children = (
				E14BBC0326B95BE600AD6A0B /* Assets.xcassets */,
				E14BBC0526B95BE600AD6A0B /* LaunchScreen.storyboard */,
			);
			path = Resources;
			sourceTree = "<group>";
		};
		E18C4B6526C7BE1F00DC9ACC /* Core */ = {
			isa = PBXGroup;
			children = (
				E17725D326FE0BB40087A25A /* Service */,
				E18C4B6E26C7BF3500DC9ACC /* Network */,
			);
			path = Core;
			sourceTree = "<group>";
		};
		E18C4B6626C7BE2100DC9ACC /* Flows */ = {
			isa = PBXGroup;
			children = (
				E14C551D26FF0C2900D9A1CF /* BaseView */,
				E17725CE26FDFBEB0087A25A /* AuthView */,
				E14BBC0026B95BE500AD6A0B /* Main.storyboard */,
				E14BBBFE26B95BE500AD6A0B /* ViewController.swift */,
			);
			name = Flows;
			path = ../Flows;
			sourceTree = "<group>";
		};
		E18C4B6726C7BE2400DC9ACC /* App */ = {
			isa = PBXGroup;
			children = (
				E14BBBFA26B95BE500AD6A0B /* AppDelegate.swift */,
				E14BBBFC26B95BE500AD6A0B /* SceneDelegate.swift */,
				E18C4B6826C7BE3000DC9ACC /* BusinessLogic */,
				E18C4B6B26C7BE6000DC9ACC /* Entity */,
				E18C4B6A26C7BE5A00DC9ACC /* Assembly */,
				E18C4B6626C7BE2100DC9ACC /* Flows */,
			);
			path = App;
			sourceTree = "<group>";
		};
		E18C4B6826C7BE3000DC9ACC /* BusinessLogic */ = {
			isa = PBXGroup;
			children = (
				E18C4B7D26C7CDCD00DC9ACC /* Network */,
			);
			path = BusinessLogic;
			sourceTree = "<group>";
		};
		E18C4B6A26C7BE5A00DC9ACC /* Assembly */ = {
			isa = PBXGroup;
			children = (
			);
			path = Assembly;
			sourceTree = "<group>";
		};
		E18C4B6B26C7BE6000DC9ACC /* Entity */ = {
			isa = PBXGroup;
			children = (
				E1E9E4CD26CBF0DE00C598E7 /* UserData */,
				E1E9E4CE26CBF0EE00C598E7 /* CatalogData */,
				E1B77D9026D243FF003E0A8C /* GoodsById */,
				E1234CAB26E4C48100AE8FE5 /* Reviews */,
<<<<<<< HEAD
				E144E89526F0AF400095CB9C /* Basket */,
=======
>>>>>>> refs/remotes/origin/develop
			);
			path = Entity;
			sourceTree = "<group>";
		};
		E18C4B6C26C7BED000DC9ACC /* Environments */ = {
			isa = PBXGroup;
			children = (
				E14BBC0826B95BE600AD6A0B /* Info.plist */,
			);
			path = Environments;
			sourceTree = "<group>";
		};
		E18C4B6E26C7BF3500DC9ACC /* Network */ = {
			isa = PBXGroup;
			children = (
				E18C4B6F26C7BF9200DC9ACC /* AbstractErrorParser.swift */,
				E18C4B7126C7C04F00DC9ACC /* ErrorParser.swift */,
				E18C4B7326C7C23200DC9ACC /* ResponseCodable.swift */,
				E18C4B7526C7C58500DC9ACC /* AbstractRequestFactory.swift */,
				E18C4B7726C7C9C600DC9ACC /* RequestRouter.swift */,
			);
			path = Network;
			sourceTree = "<group>";
		};
		E18C4B7D26C7CDCD00DC9ACC /* Network */ = {
			isa = PBXGroup;
			children = (
				E18C4B8226C7D2C300DC9ACC /* RequestFactory.swift */,
				E1E9E4D126CBF41F00C598E7 /* Auth */,
				E1E9E4D226CBF42D00C598E7 /* CatalogData */,
				E16E451D26CD2B81008D0D24 /* GoodsById */,
				E1234CB026E4C6FA00AE8FE5 /* Reviews */,
<<<<<<< HEAD
				E144E89426F0AF2C0095CB9C /* Basket */,
=======
>>>>>>> refs/remotes/origin/develop
			);
			path = Network;
			sourceTree = "<group>";
		};
		E1B77D9026D243FF003E0A8C /* GoodsById */ = {
			isa = PBXGroup;
			children = (
				E1B77D9126D24450003E0A8C /* GoodsByIdResult.swift */,
			);
			path = GoodsById;
			sourceTree = "<group>";
		};
		E1B77D9926D26BDC003E0A8C /* CatalogDataTest */ = {
			isa = PBXGroup;
			children = (
				E1B77D9A26D26D7D003E0A8C /* CatalogDataTest.swift */,
			);
			path = CatalogDataTest;
			sourceTree = "<group>";
		};
		E1B77D9C26D26F6C003E0A8C /* GoodsById */ = {
			isa = PBXGroup;
			children = (
				E1B77D9D26D26FA4003E0A8C /* GoodsByIdTest.swift */,
			);
			path = GoodsById;
			sourceTree = "<group>";
		};
		E1E9E4C726CBE2B300C598E7 /* CoreNetworkTest */ = {
			isa = PBXGroup;
			children = (
				E1E9E4C826CBE33900C598E7 /* ResponseCodableTest.swift */,
			);
			path = CoreNetworkTest;
			sourceTree = "<group>";
		};
		E1E9E4CA26CBEFF100C598E7 /* AuthTest */ = {
			isa = PBXGroup;
			children = (
				E1B77D9726D26345003E0A8C /* AuthTest.swift */,
			);
			path = AuthTest;
			sourceTree = "<group>";
		};
		E1E9E4CD26CBF0DE00C598E7 /* UserData */ = {
			isa = PBXGroup;
			children = (
				E18C4B7B26C7CCBA00DC9ACC /* User.swift */,
				E18C4B7926C7CC6A00DC9ACC /* AuthResult.swift */,
			);
			path = UserData;
			sourceTree = "<group>";
		};
		E1E9E4CE26CBF0EE00C598E7 /* CatalogData */ = {
			isa = PBXGroup;
			children = (
				E1E9E4CB26CBF07900C598E7 /* CatalogDataResult.swift */,
			);
			path = CatalogData;
			sourceTree = "<group>";
		};
		E1E9E4D126CBF41F00C598E7 /* Auth */ = {
			isa = PBXGroup;
			children = (
				E18C4B7E26C7CE0E00DC9ACC /* AuthRequestFactory.swift */,
				E18C4B8026C7CEBB00DC9ACC /* Auth.swift */,
			);
			path = Auth;
			sourceTree = "<group>";
		};
		E1E9E4D226CBF42D00C598E7 /* CatalogData */ = {
			isa = PBXGroup;
			children = (
				E1E9E4D326CBF48200C598E7 /* CatalogDataRequestFactory.swift */,
				E1E9E4D526CBF59D00C598E7 /* CatalogData.swift */,
			);
			path = CatalogData;
			sourceTree = "<group>";
		};
/* End PBXGroup section */

/* Begin PBXNativeTarget section */
		E14BBBF626B95BE500AD6A0B /* GBShop */ = {
			isa = PBXNativeTarget;
			buildConfigurationList = E14BBC2126B95BE600AD6A0B /* Build configuration list for PBXNativeTarget "GBShop" */;
			buildPhases = (
				495E9530B77F78CBB9ABFD4D /* [CP] Check Pods Manifest.lock */,
				E14BBBF326B95BE500AD6A0B /* Sources */,
				E14BBBF426B95BE500AD6A0B /* Frameworks */,
				E14BBBF526B95BE500AD6A0B /* Resources */,
				EB9466A08206945C45B4F01C /* [CP] Embed Pods Frameworks */,
			);
			buildRules = (
			);
			dependencies = (
			);
			name = GBShop;
			productName = GBShop;
			productReference = E14BBBF726B95BE500AD6A0B /* GBShop.app */;
			productType = "com.apple.product-type.application";
		};
		E14BBC0C26B95BE600AD6A0B /* GBShopTests */ = {
			isa = PBXNativeTarget;
			buildConfigurationList = E14BBC2426B95BE600AD6A0B /* Build configuration list for PBXNativeTarget "GBShopTests" */;
			buildPhases = (
				EA7E9970AE17A0C3088D0011 /* [CP] Check Pods Manifest.lock */,
				E14BBC0926B95BE600AD6A0B /* Sources */,
				E14BBC0A26B95BE600AD6A0B /* Frameworks */,
				E14BBC0B26B95BE600AD6A0B /* Resources */,
			);
			buildRules = (
			);
			dependencies = (
				E14BBC0F26B95BE600AD6A0B /* PBXTargetDependency */,
			);
			name = GBShopTests;
			productName = GBShopTests;
			productReference = E14BBC0D26B95BE600AD6A0B /* GBShopTests.xctest */;
			productType = "com.apple.product-type.bundle.unit-test";
		};
		E14BBC1726B95BE600AD6A0B /* GBShopUITests */ = {
			isa = PBXNativeTarget;
			buildConfigurationList = E14BBC2726B95BE600AD6A0B /* Build configuration list for PBXNativeTarget "GBShopUITests" */;
			buildPhases = (
				D1615F2AF1A4E75B227D1704 /* [CP] Check Pods Manifest.lock */,
				E14BBC1426B95BE600AD6A0B /* Sources */,
				E14BBC1526B95BE600AD6A0B /* Frameworks */,
				E14BBC1626B95BE600AD6A0B /* Resources */,
				0FACC3117D33E762F9F213CD /* [CP] Embed Pods Frameworks */,
			);
			buildRules = (
			);
			dependencies = (
				E14BBC1A26B95BE600AD6A0B /* PBXTargetDependency */,
			);
			name = GBShopUITests;
			productName = GBShopUITests;
			productReference = E14BBC1826B95BE600AD6A0B /* GBShopUITests.xctest */;
			productType = "com.apple.product-type.bundle.ui-testing";
		};
/* End PBXNativeTarget section */

/* Begin PBXProject section */
		E14BBBEF26B95BE500AD6A0B /* Project object */ = {
			isa = PBXProject;
			attributes = {
				LastSwiftUpdateCheck = 1250;
				LastUpgradeCheck = 1250;
				TargetAttributes = {
					E14BBBF626B95BE500AD6A0B = {
						CreatedOnToolsVersion = 12.5.1;
					};
					E14BBC0C26B95BE600AD6A0B = {
						CreatedOnToolsVersion = 12.5.1;
						TestTargetID = E14BBBF626B95BE500AD6A0B;
					};
					E14BBC1726B95BE600AD6A0B = {
						CreatedOnToolsVersion = 12.5.1;
						TestTargetID = E14BBBF626B95BE500AD6A0B;
					};
				};
			};
			buildConfigurationList = E14BBBF226B95BE500AD6A0B /* Build configuration list for PBXProject "GBShop" */;
			compatibilityVersion = "Xcode 9.3";
			developmentRegion = en;
			hasScannedForEncodings = 0;
			knownRegions = (
				en,
				Base,
			);
			mainGroup = E14BBBEE26B95BE500AD6A0B;
			productRefGroup = E14BBBF826B95BE500AD6A0B /* Products */;
			projectDirPath = "";
			projectRoot = "";
			targets = (
				E14BBBF626B95BE500AD6A0B /* GBShop */,
				E14BBC0C26B95BE600AD6A0B /* GBShopTests */,
				E14BBC1726B95BE600AD6A0B /* GBShopUITests */,
			);
		};
/* End PBXProject section */

/* Begin PBXResourcesBuildPhase section */
		E14BBBF526B95BE500AD6A0B /* Resources */ = {
			isa = PBXResourcesBuildPhase;
			buildActionMask = 2147483647;
			files = (
				E14BBC0726B95BE600AD6A0B /* LaunchScreen.storyboard in Resources */,
				E14BBC0426B95BE600AD6A0B /* Assets.xcassets in Resources */,
				E14BBC0226B95BE500AD6A0B /* Main.storyboard in Resources */,
			);
			runOnlyForDeploymentPostprocessing = 0;
		};
		E14BBC0B26B95BE600AD6A0B /* Resources */ = {
			isa = PBXResourcesBuildPhase;
			buildActionMask = 2147483647;
			files = (
			);
			runOnlyForDeploymentPostprocessing = 0;
		};
		E14BBC1626B95BE600AD6A0B /* Resources */ = {
			isa = PBXResourcesBuildPhase;
			buildActionMask = 2147483647;
			files = (
			);
			runOnlyForDeploymentPostprocessing = 0;
		};
/* End PBXResourcesBuildPhase section */

/* Begin PBXShellScriptBuildPhase section */
		0FACC3117D33E762F9F213CD /* [CP] Embed Pods Frameworks */ = {
			isa = PBXShellScriptBuildPhase;
			buildActionMask = 2147483647;
			files = (
			);
			inputFileListPaths = (
				"${PODS_ROOT}/Target Support Files/Pods-GBShop-GBShopUITests/Pods-GBShop-GBShopUITests-frameworks-${CONFIGURATION}-input-files.xcfilelist",
			);
			name = "[CP] Embed Pods Frameworks";
			outputFileListPaths = (
				"${PODS_ROOT}/Target Support Files/Pods-GBShop-GBShopUITests/Pods-GBShop-GBShopUITests-frameworks-${CONFIGURATION}-output-files.xcfilelist",
			);
			runOnlyForDeploymentPostprocessing = 0;
			shellPath = /bin/sh;
			shellScript = "\"${PODS_ROOT}/Target Support Files/Pods-GBShop-GBShopUITests/Pods-GBShop-GBShopUITests-frameworks.sh\"\n";
			showEnvVarsInLog = 0;
		};
		495E9530B77F78CBB9ABFD4D /* [CP] Check Pods Manifest.lock */ = {
			isa = PBXShellScriptBuildPhase;
			buildActionMask = 2147483647;
			files = (
			);
			inputFileListPaths = (
			);
			inputPaths = (
				"${PODS_PODFILE_DIR_PATH}/Podfile.lock",
				"${PODS_ROOT}/Manifest.lock",
			);
			name = "[CP] Check Pods Manifest.lock";
			outputFileListPaths = (
			);
			outputPaths = (
				"$(DERIVED_FILE_DIR)/Pods-GBShop-checkManifestLockResult.txt",
			);
			runOnlyForDeploymentPostprocessing = 0;
			shellPath = /bin/sh;
			shellScript = "diff \"${PODS_PODFILE_DIR_PATH}/Podfile.lock\" \"${PODS_ROOT}/Manifest.lock\" > /dev/null\nif [ $? != 0 ] ; then\n    # print error to STDERR\n    echo \"error: The sandbox is not in sync with the Podfile.lock. Run 'pod install' or update your CocoaPods installation.\" >&2\n    exit 1\nfi\n# This output is used by Xcode 'outputs' to avoid re-running this script phase.\necho \"SUCCESS\" > \"${SCRIPT_OUTPUT_FILE_0}\"\n";
			showEnvVarsInLog = 0;
		};
		D1615F2AF1A4E75B227D1704 /* [CP] Check Pods Manifest.lock */ = {
			isa = PBXShellScriptBuildPhase;
			buildActionMask = 2147483647;
			files = (
			);
			inputFileListPaths = (
			);
			inputPaths = (
				"${PODS_PODFILE_DIR_PATH}/Podfile.lock",
				"${PODS_ROOT}/Manifest.lock",
			);
			name = "[CP] Check Pods Manifest.lock";
			outputFileListPaths = (
			);
			outputPaths = (
				"$(DERIVED_FILE_DIR)/Pods-GBShop-GBShopUITests-checkManifestLockResult.txt",
			);
			runOnlyForDeploymentPostprocessing = 0;
			shellPath = /bin/sh;
			shellScript = "diff \"${PODS_PODFILE_DIR_PATH}/Podfile.lock\" \"${PODS_ROOT}/Manifest.lock\" > /dev/null\nif [ $? != 0 ] ; then\n    # print error to STDERR\n    echo \"error: The sandbox is not in sync with the Podfile.lock. Run 'pod install' or update your CocoaPods installation.\" >&2\n    exit 1\nfi\n# This output is used by Xcode 'outputs' to avoid re-running this script phase.\necho \"SUCCESS\" > \"${SCRIPT_OUTPUT_FILE_0}\"\n";
			showEnvVarsInLog = 0;
		};
		EA7E9970AE17A0C3088D0011 /* [CP] Check Pods Manifest.lock */ = {
			isa = PBXShellScriptBuildPhase;
			buildActionMask = 2147483647;
			files = (
			);
			inputFileListPaths = (
			);
			inputPaths = (
				"${PODS_PODFILE_DIR_PATH}/Podfile.lock",
				"${PODS_ROOT}/Manifest.lock",
			);
			name = "[CP] Check Pods Manifest.lock";
			outputFileListPaths = (
			);
			outputPaths = (
				"$(DERIVED_FILE_DIR)/Pods-GBShopTests-checkManifestLockResult.txt",
			);
			runOnlyForDeploymentPostprocessing = 0;
			shellPath = /bin/sh;
			shellScript = "diff \"${PODS_PODFILE_DIR_PATH}/Podfile.lock\" \"${PODS_ROOT}/Manifest.lock\" > /dev/null\nif [ $? != 0 ] ; then\n    # print error to STDERR\n    echo \"error: The sandbox is not in sync with the Podfile.lock. Run 'pod install' or update your CocoaPods installation.\" >&2\n    exit 1\nfi\n# This output is used by Xcode 'outputs' to avoid re-running this script phase.\necho \"SUCCESS\" > \"${SCRIPT_OUTPUT_FILE_0}\"\n";
			showEnvVarsInLog = 0;
		};
		EB9466A08206945C45B4F01C /* [CP] Embed Pods Frameworks */ = {
			isa = PBXShellScriptBuildPhase;
			buildActionMask = 2147483647;
			files = (
			);
			inputFileListPaths = (
				"${PODS_ROOT}/Target Support Files/Pods-GBShop/Pods-GBShop-frameworks-${CONFIGURATION}-input-files.xcfilelist",
			);
			name = "[CP] Embed Pods Frameworks";
			outputFileListPaths = (
				"${PODS_ROOT}/Target Support Files/Pods-GBShop/Pods-GBShop-frameworks-${CONFIGURATION}-output-files.xcfilelist",
			);
			runOnlyForDeploymentPostprocessing = 0;
			shellPath = /bin/sh;
			shellScript = "\"${PODS_ROOT}/Target Support Files/Pods-GBShop/Pods-GBShop-frameworks.sh\"\n";
			showEnvVarsInLog = 0;
		};
/* End PBXShellScriptBuildPhase section */

/* Begin PBXSourcesBuildPhase section */
		E14BBBF326B95BE500AD6A0B /* Sources */ = {
			isa = PBXSourcesBuildPhase;
			buildActionMask = 2147483647;
			files = (
				E14C552126FF1ACE00D9A1CF /* RegistrationViewController.swift in Sources */,
				E17725D026FDFC6B0087A25A /* LoginViewController.swift in Sources */,
				E1E9E4D426CBF48200C598E7 /* CatalogDataRequestFactory.swift in Sources */,
				E1B77D9226D24450003E0A8C /* GoodsByIdResult.swift in Sources */,
				E18C4B7F26C7CE0E00DC9ACC /* AuthRequestFactory.swift in Sources */,
				E17725D526FE0BE10087A25A /* AppSession.swift in Sources */,
				E14C551F26FF0C6C00D9A1CF /* TabBarBuilder.swift in Sources */,
				E17725D726FE0EA40087A25A /* BaseViewController.swift in Sources */,
				E18C4B7826C7C9C600DC9ACC /* RequestRouter.swift in Sources */,
				E18C4B7626C7C58500DC9ACC /* AbstractRequestFactory.swift in Sources */,
				E1234CAD26E4C4E500AE8FE5 /* Review.swift in Sources */,
				E1B77D9626D245F8003E0A8C /* GoodsById.swift in Sources */,
				E144E89726F0AF890095CB9C /* BasketResult.swift in Sources */,
				E144E89D26F0B0AF0095CB9C /* BasketRequestFactory.swift in Sources */,
				E1E9E4D626CBF59D00C598E7 /* CatalogData.swift in Sources */,
				E1234CB426E4CAF400AE8FE5 /* Reviews.swift in Sources */,
				E1B77D9426D2455C003E0A8C /* GoodsByIdRequestFactory.swift in Sources */,
				E18C4B8326C7D2C300DC9ACC /* RequestFactory.swift in Sources */,
				E1234CAF26E4C58900AE8FE5 /* ReviewResult.swift in Sources */,
				E14BBBFF26B95BE500AD6A0B /* ViewController.swift in Sources */,
				E14C551C26FF09A600D9A1CF /* AppService.swift in Sources */,
				E18C4B7426C7C23200DC9ACC /* ResponseCodable.swift in Sources */,
				E14BBBFB26B95BE500AD6A0B /* AppDelegate.swift in Sources */,
<<<<<<< HEAD
				E144E8A326F0B4C20095CB9C /* Basket.swift in Sources */,
<<<<<<< HEAD
=======
>>>>>>> refs/remotes/origin/develop
=======
				E14C552326FF54F600D9A1CF /* ProfileViewController.swift in Sources */,
>>>>>>> feature/hw7
				E1234CB226E4C7B900AE8FE5 /* ReviewsRequestFactory.swift in Sources */,
				E14BBBFD26B95BE500AD6A0B /* SceneDelegate.swift in Sources */,
				E17725D226FE08020087A25A /* ErrorViewController.swift in Sources */,
				E1E9E4CC26CBF07900C598E7 /* CatalogDataResult.swift in Sources */,
				E18C4B7A26C7CC6A00DC9ACC /* AuthResult.swift in Sources */,
				E18C4B7026C7BF9200DC9ACC /* AbstractErrorParser.swift in Sources */,
				E18C4B7C26C7CCBA00DC9ACC /* User.swift in Sources */,
				E18C4B7226C7C04F00DC9ACC /* ErrorParser.swift in Sources */,
				E18C4B8126C7CEBB00DC9ACC /* Auth.swift in Sources */,
			);
			runOnlyForDeploymentPostprocessing = 0;
		};
		E14BBC0926B95BE600AD6A0B /* Sources */ = {
			isa = PBXSourcesBuildPhase;
			buildActionMask = 2147483647;
			files = (
				E14BBC1226B95BE600AD6A0B /* GBShopTests.swift in Sources */,
				E1234F4426F87CD40099AE95 /* BasketTests.swift in Sources */,
				E1234F4126F71CF80099AE95 /* ReviewsTest.swift in Sources */,
				E1B77D9B26D26D7D003E0A8C /* CatalogDataTest.swift in Sources */,
				E1E9E4C926CBE33900C598E7 /* ResponseCodableTest.swift in Sources */,
				E1B77D9E26D26FA4003E0A8C /* GoodsByIdTest.swift in Sources */,
				E1B77D9826D26345003E0A8C /* AuthTest.swift in Sources */,
			);
			runOnlyForDeploymentPostprocessing = 0;
		};
		E14BBC1426B95BE600AD6A0B /* Sources */ = {
			isa = PBXSourcesBuildPhase;
			buildActionMask = 2147483647;
			files = (
				E14BBC1D26B95BE600AD6A0B /* GBShopUITests.swift in Sources */,
			);
			runOnlyForDeploymentPostprocessing = 0;
		};
/* End PBXSourcesBuildPhase section */

/* Begin PBXTargetDependency section */
		E14BBC0F26B95BE600AD6A0B /* PBXTargetDependency */ = {
			isa = PBXTargetDependency;
			target = E14BBBF626B95BE500AD6A0B /* GBShop */;
			targetProxy = E14BBC0E26B95BE600AD6A0B /* PBXContainerItemProxy */;
		};
		E14BBC1A26B95BE600AD6A0B /* PBXTargetDependency */ = {
			isa = PBXTargetDependency;
			target = E14BBBF626B95BE500AD6A0B /* GBShop */;
			targetProxy = E14BBC1926B95BE600AD6A0B /* PBXContainerItemProxy */;
		};
/* End PBXTargetDependency section */

/* Begin PBXVariantGroup section */
		E14BBC0026B95BE500AD6A0B /* Main.storyboard */ = {
			isa = PBXVariantGroup;
			children = (
				E14BBC0126B95BE500AD6A0B /* Base */,
			);
			name = Main.storyboard;
			sourceTree = "<group>";
		};
		E14BBC0526B95BE600AD6A0B /* LaunchScreen.storyboard */ = {
			isa = PBXVariantGroup;
			children = (
				E14BBC0626B95BE600AD6A0B /* Base */,
			);
			name = LaunchScreen.storyboard;
			sourceTree = "<group>";
		};
/* End PBXVariantGroup section */

/* Begin XCBuildConfiguration section */
		E14BBC1F26B95BE600AD6A0B /* Debug */ = {
			isa = XCBuildConfiguration;
			buildSettings = {
				ALWAYS_SEARCH_USER_PATHS = NO;
				CLANG_ANALYZER_NONNULL = YES;
				CLANG_ANALYZER_NUMBER_OBJECT_CONVERSION = YES_AGGRESSIVE;
				CLANG_CXX_LANGUAGE_STANDARD = "gnu++14";
				CLANG_CXX_LIBRARY = "libc++";
				CLANG_ENABLE_MODULES = YES;
				CLANG_ENABLE_OBJC_ARC = YES;
				CLANG_ENABLE_OBJC_WEAK = YES;
				CLANG_WARN_BLOCK_CAPTURE_AUTORELEASING = YES;
				CLANG_WARN_BOOL_CONVERSION = YES;
				CLANG_WARN_COMMA = YES;
				CLANG_WARN_CONSTANT_CONVERSION = YES;
				CLANG_WARN_DEPRECATED_OBJC_IMPLEMENTATIONS = YES;
				CLANG_WARN_DIRECT_OBJC_ISA_USAGE = YES_ERROR;
				CLANG_WARN_DOCUMENTATION_COMMENTS = YES;
				CLANG_WARN_EMPTY_BODY = YES;
				CLANG_WARN_ENUM_CONVERSION = YES;
				CLANG_WARN_INFINITE_RECURSION = YES;
				CLANG_WARN_INT_CONVERSION = YES;
				CLANG_WARN_NON_LITERAL_NULL_CONVERSION = YES;
				CLANG_WARN_OBJC_IMPLICIT_RETAIN_SELF = YES;
				CLANG_WARN_OBJC_LITERAL_CONVERSION = YES;
				CLANG_WARN_OBJC_ROOT_CLASS = YES_ERROR;
				CLANG_WARN_QUOTED_INCLUDE_IN_FRAMEWORK_HEADER = YES;
				CLANG_WARN_RANGE_LOOP_ANALYSIS = YES;
				CLANG_WARN_STRICT_PROTOTYPES = YES;
				CLANG_WARN_SUSPICIOUS_MOVE = YES;
				CLANG_WARN_UNGUARDED_AVAILABILITY = YES_AGGRESSIVE;
				CLANG_WARN_UNREACHABLE_CODE = YES;
				CLANG_WARN__DUPLICATE_METHOD_MATCH = YES;
				COPY_PHASE_STRIP = NO;
				DEBUG_INFORMATION_FORMAT = dwarf;
				ENABLE_STRICT_OBJC_MSGSEND = YES;
				ENABLE_TESTABILITY = YES;
				GCC_C_LANGUAGE_STANDARD = gnu11;
				GCC_DYNAMIC_NO_PIC = NO;
				GCC_NO_COMMON_BLOCKS = YES;
				GCC_OPTIMIZATION_LEVEL = 0;
				GCC_PREPROCESSOR_DEFINITIONS = (
					"DEBUG=1",
					"$(inherited)",
				);
				GCC_WARN_64_TO_32_BIT_CONVERSION = YES;
				GCC_WARN_ABOUT_RETURN_TYPE = YES_ERROR;
				GCC_WARN_UNDECLARED_SELECTOR = YES;
				GCC_WARN_UNINITIALIZED_AUTOS = YES_AGGRESSIVE;
				GCC_WARN_UNUSED_FUNCTION = YES;
				GCC_WARN_UNUSED_VARIABLE = YES;
				IPHONEOS_DEPLOYMENT_TARGET = 14.5;
				MTL_ENABLE_DEBUG_INFO = INCLUDE_SOURCE;
				MTL_FAST_MATH = YES;
				ONLY_ACTIVE_ARCH = YES;
				SDKROOT = iphoneos;
				SWIFT_ACTIVE_COMPILATION_CONDITIONS = DEBUG;
				SWIFT_OPTIMIZATION_LEVEL = "-Onone";
			};
			name = Debug;
		};
		E14BBC2026B95BE600AD6A0B /* Release */ = {
			isa = XCBuildConfiguration;
			buildSettings = {
				ALWAYS_SEARCH_USER_PATHS = NO;
				CLANG_ANALYZER_NONNULL = YES;
				CLANG_ANALYZER_NUMBER_OBJECT_CONVERSION = YES_AGGRESSIVE;
				CLANG_CXX_LANGUAGE_STANDARD = "gnu++14";
				CLANG_CXX_LIBRARY = "libc++";
				CLANG_ENABLE_MODULES = YES;
				CLANG_ENABLE_OBJC_ARC = YES;
				CLANG_ENABLE_OBJC_WEAK = YES;
				CLANG_WARN_BLOCK_CAPTURE_AUTORELEASING = YES;
				CLANG_WARN_BOOL_CONVERSION = YES;
				CLANG_WARN_COMMA = YES;
				CLANG_WARN_CONSTANT_CONVERSION = YES;
				CLANG_WARN_DEPRECATED_OBJC_IMPLEMENTATIONS = YES;
				CLANG_WARN_DIRECT_OBJC_ISA_USAGE = YES_ERROR;
				CLANG_WARN_DOCUMENTATION_COMMENTS = YES;
				CLANG_WARN_EMPTY_BODY = YES;
				CLANG_WARN_ENUM_CONVERSION = YES;
				CLANG_WARN_INFINITE_RECURSION = YES;
				CLANG_WARN_INT_CONVERSION = YES;
				CLANG_WARN_NON_LITERAL_NULL_CONVERSION = YES;
				CLANG_WARN_OBJC_IMPLICIT_RETAIN_SELF = YES;
				CLANG_WARN_OBJC_LITERAL_CONVERSION = YES;
				CLANG_WARN_OBJC_ROOT_CLASS = YES_ERROR;
				CLANG_WARN_QUOTED_INCLUDE_IN_FRAMEWORK_HEADER = YES;
				CLANG_WARN_RANGE_LOOP_ANALYSIS = YES;
				CLANG_WARN_STRICT_PROTOTYPES = YES;
				CLANG_WARN_SUSPICIOUS_MOVE = YES;
				CLANG_WARN_UNGUARDED_AVAILABILITY = YES_AGGRESSIVE;
				CLANG_WARN_UNREACHABLE_CODE = YES;
				CLANG_WARN__DUPLICATE_METHOD_MATCH = YES;
				COPY_PHASE_STRIP = NO;
				DEBUG_INFORMATION_FORMAT = "dwarf-with-dsym";
				ENABLE_NS_ASSERTIONS = NO;
				ENABLE_STRICT_OBJC_MSGSEND = YES;
				GCC_C_LANGUAGE_STANDARD = gnu11;
				GCC_NO_COMMON_BLOCKS = YES;
				GCC_WARN_64_TO_32_BIT_CONVERSION = YES;
				GCC_WARN_ABOUT_RETURN_TYPE = YES_ERROR;
				GCC_WARN_UNDECLARED_SELECTOR = YES;
				GCC_WARN_UNINITIALIZED_AUTOS = YES_AGGRESSIVE;
				GCC_WARN_UNUSED_FUNCTION = YES;
				GCC_WARN_UNUSED_VARIABLE = YES;
				IPHONEOS_DEPLOYMENT_TARGET = 14.5;
				MTL_ENABLE_DEBUG_INFO = NO;
				MTL_FAST_MATH = YES;
				SDKROOT = iphoneos;
				SWIFT_COMPILATION_MODE = wholemodule;
				SWIFT_OPTIMIZATION_LEVEL = "-O";
				VALIDATE_PRODUCT = YES;
			};
			name = Release;
		};
		E14BBC2226B95BE600AD6A0B /* Debug */ = {
			isa = XCBuildConfiguration;
			baseConfigurationReference = B965B52BACE6C0F838989416 /* Pods-GBShop.debug.xcconfig */;
			buildSettings = {
				ASSETCATALOG_COMPILER_APPICON_NAME = AppIcon;
				ASSETCATALOG_COMPILER_GLOBAL_ACCENT_COLOR_NAME = AccentColor;
				CODE_SIGN_STYLE = Automatic;
				DEVELOPMENT_TEAM = M4PJKP44QG;
				INFOPLIST_FILE = GBShop/Info.plist;
				LD_RUNPATH_SEARCH_PATHS = (
					"$(inherited)",
					"@executable_path/Frameworks",
				);
				PRODUCT_BUNDLE_IDENTIFIER = KoMary.GBShop;
				PRODUCT_NAME = "$(TARGET_NAME)";
				SWIFT_VERSION = 5.0;
				TARGETED_DEVICE_FAMILY = "1,2";
			};
			name = Debug;
		};
		E14BBC2326B95BE600AD6A0B /* Release */ = {
			isa = XCBuildConfiguration;
			baseConfigurationReference = 1934AD31CD371BEBC6E115C9 /* Pods-GBShop.release.xcconfig */;
			buildSettings = {
				ASSETCATALOG_COMPILER_APPICON_NAME = AppIcon;
				ASSETCATALOG_COMPILER_GLOBAL_ACCENT_COLOR_NAME = AccentColor;
				CODE_SIGN_STYLE = Automatic;
				DEVELOPMENT_TEAM = M4PJKP44QG;
				INFOPLIST_FILE = GBShop/Info.plist;
				LD_RUNPATH_SEARCH_PATHS = (
					"$(inherited)",
					"@executable_path/Frameworks",
				);
				PRODUCT_BUNDLE_IDENTIFIER = KoMary.GBShop;
				PRODUCT_NAME = "$(TARGET_NAME)";
				SWIFT_VERSION = 5.0;
				TARGETED_DEVICE_FAMILY = "1,2";
			};
			name = Release;
		};
		E14BBC2526B95BE600AD6A0B /* Debug */ = {
			isa = XCBuildConfiguration;
			baseConfigurationReference = 80112BE7E56564E8C030CBCD /* Pods-GBShopTests.debug.xcconfig */;
			buildSettings = {
				ALWAYS_EMBED_SWIFT_STANDARD_LIBRARIES = YES;
				BUNDLE_LOADER = "$(TEST_HOST)";
				CODE_SIGN_STYLE = Automatic;
				DEVELOPMENT_TEAM = M4PJKP44QG;
				INFOPLIST_FILE = GBShopTests/Info.plist;
				IPHONEOS_DEPLOYMENT_TARGET = 14.5;
				LD_RUNPATH_SEARCH_PATHS = (
					"$(inherited)",
					"@executable_path/Frameworks",
					"@loader_path/Frameworks",
				);
				PRODUCT_BUNDLE_IDENTIFIER = KoMary.GBShopTests;
				PRODUCT_NAME = "$(TARGET_NAME)";
				SWIFT_VERSION = 5.0;
				TARGETED_DEVICE_FAMILY = "1,2";
				TEST_HOST = "$(BUILT_PRODUCTS_DIR)/GBShop.app/GBShop";
			};
			name = Debug;
		};
		E14BBC2626B95BE600AD6A0B /* Release */ = {
			isa = XCBuildConfiguration;
			baseConfigurationReference = 9ECF49F6ACD44C0C419DB7A2 /* Pods-GBShopTests.release.xcconfig */;
			buildSettings = {
				ALWAYS_EMBED_SWIFT_STANDARD_LIBRARIES = YES;
				BUNDLE_LOADER = "$(TEST_HOST)";
				CODE_SIGN_STYLE = Automatic;
				DEVELOPMENT_TEAM = M4PJKP44QG;
				INFOPLIST_FILE = GBShopTests/Info.plist;
				IPHONEOS_DEPLOYMENT_TARGET = 14.5;
				LD_RUNPATH_SEARCH_PATHS = (
					"$(inherited)",
					"@executable_path/Frameworks",
					"@loader_path/Frameworks",
				);
				PRODUCT_BUNDLE_IDENTIFIER = KoMary.GBShopTests;
				PRODUCT_NAME = "$(TARGET_NAME)";
				SWIFT_VERSION = 5.0;
				TARGETED_DEVICE_FAMILY = "1,2";
				TEST_HOST = "$(BUILT_PRODUCTS_DIR)/GBShop.app/GBShop";
			};
			name = Release;
		};
		E14BBC2826B95BE600AD6A0B /* Debug */ = {
			isa = XCBuildConfiguration;
			baseConfigurationReference = DA4ACE744DB5A693529A9D2C /* Pods-GBShop-GBShopUITests.debug.xcconfig */;
			buildSettings = {
				ALWAYS_EMBED_SWIFT_STANDARD_LIBRARIES = YES;
				CODE_SIGN_STYLE = Automatic;
				DEVELOPMENT_TEAM = M4PJKP44QG;
				INFOPLIST_FILE = GBShopUITests/Info.plist;
				LD_RUNPATH_SEARCH_PATHS = (
					"$(inherited)",
					"@executable_path/Frameworks",
					"@loader_path/Frameworks",
				);
				PRODUCT_BUNDLE_IDENTIFIER = KoMary.GBShopUITests;
				PRODUCT_NAME = "$(TARGET_NAME)";
				SWIFT_VERSION = 5.0;
				TARGETED_DEVICE_FAMILY = "1,2";
				TEST_TARGET_NAME = GBShop;
			};
			name = Debug;
		};
		E14BBC2926B95BE600AD6A0B /* Release */ = {
			isa = XCBuildConfiguration;
			baseConfigurationReference = FCC5FC1928D5A745C2B167C1 /* Pods-GBShop-GBShopUITests.release.xcconfig */;
			buildSettings = {
				ALWAYS_EMBED_SWIFT_STANDARD_LIBRARIES = YES;
				CODE_SIGN_STYLE = Automatic;
				DEVELOPMENT_TEAM = M4PJKP44QG;
				INFOPLIST_FILE = GBShopUITests/Info.plist;
				LD_RUNPATH_SEARCH_PATHS = (
					"$(inherited)",
					"@executable_path/Frameworks",
					"@loader_path/Frameworks",
				);
				PRODUCT_BUNDLE_IDENTIFIER = KoMary.GBShopUITests;
				PRODUCT_NAME = "$(TARGET_NAME)";
				SWIFT_VERSION = 5.0;
				TARGETED_DEVICE_FAMILY = "1,2";
				TEST_TARGET_NAME = GBShop;
			};
			name = Release;
		};
/* End XCBuildConfiguration section */

/* Begin XCConfigurationList section */
		E14BBBF226B95BE500AD6A0B /* Build configuration list for PBXProject "GBShop" */ = {
			isa = XCConfigurationList;
			buildConfigurations = (
				E14BBC1F26B95BE600AD6A0B /* Debug */,
				E14BBC2026B95BE600AD6A0B /* Release */,
			);
			defaultConfigurationIsVisible = 0;
			defaultConfigurationName = Release;
		};
		E14BBC2126B95BE600AD6A0B /* Build configuration list for PBXNativeTarget "GBShop" */ = {
			isa = XCConfigurationList;
			buildConfigurations = (
				E14BBC2226B95BE600AD6A0B /* Debug */,
				E14BBC2326B95BE600AD6A0B /* Release */,
			);
			defaultConfigurationIsVisible = 0;
			defaultConfigurationName = Release;
		};
		E14BBC2426B95BE600AD6A0B /* Build configuration list for PBXNativeTarget "GBShopTests" */ = {
			isa = XCConfigurationList;
			buildConfigurations = (
				E14BBC2526B95BE600AD6A0B /* Debug */,
				E14BBC2626B95BE600AD6A0B /* Release */,
			);
			defaultConfigurationIsVisible = 0;
			defaultConfigurationName = Release;
		};
		E14BBC2726B95BE600AD6A0B /* Build configuration list for PBXNativeTarget "GBShopUITests" */ = {
			isa = XCConfigurationList;
			buildConfigurations = (
				E14BBC2826B95BE600AD6A0B /* Debug */,
				E14BBC2926B95BE600AD6A0B /* Release */,
			);
			defaultConfigurationIsVisible = 0;
			defaultConfigurationName = Release;
		};
/* End XCConfigurationList section */
	};
	rootObject = E14BBBEF26B95BE500AD6A0B /* Project object */;
}
